// !$*UTF8*$!
{
	archiveVersion = 1;
	classes = {
	};
	objectVersion = 56;
	objects = {

/* Begin PBXBuildFile section */
		2B608F3D2A7BD13100031250 /* AppDelegate.swift in Sources */ = {isa = PBXBuildFile; fileRef = 2B608F3C2A7BD13100031250 /* AppDelegate.swift */; };
		2B608F3F2A7BD13100031250 /* SceneDelegate.swift in Sources */ = {isa = PBXBuildFile; fileRef = 2B608F3E2A7BD13100031250 /* SceneDelegate.swift */; };
		2B608F412A7BD13100031250 /* ViewController.swift in Sources */ = {isa = PBXBuildFile; fileRef = 2B608F402A7BD13100031250 /* ViewController.swift */; };
		2B608F442A7BD13100031250 /* Main.storyboard in Resources */ = {isa = PBXBuildFile; fileRef = 2B608F422A7BD13100031250 /* Main.storyboard */; };
		2B608F462A7BD13300031250 /* Assets.xcassets in Resources */ = {isa = PBXBuildFile; fileRef = 2B608F452A7BD13300031250 /* Assets.xcassets */; };
		2B608F492A7BD13300031250 /* LaunchScreen.storyboard in Resources */ = {isa = PBXBuildFile; fileRef = 2B608F472A7BD13300031250 /* LaunchScreen.storyboard */; };
		2B608F542A7BD13300031250 /* todayTodoP3Tests.swift in Sources */ = {isa = PBXBuildFile; fileRef = 2B608F532A7BD13300031250 /* todayTodoP3Tests.swift */; };
		2B608F5E2A7BD13300031250 /* todayTodoP3UITests.swift in Sources */ = {isa = PBXBuildFile; fileRef = 2B608F5D2A7BD13300031250 /* todayTodoP3UITests.swift */; };
		2B608F602A7BD13300031250 /* todayTodoP3UITestsLaunchTests.swift in Sources */ = {isa = PBXBuildFile; fileRef = 2B608F5F2A7BD13300031250 /* todayTodoP3UITestsLaunchTests.swift */; };
/* End PBXBuildFile section */

/* Begin PBXContainerItemProxy section */
		2B608F502A7BD13300031250 /* PBXContainerItemProxy */ = {
			isa = PBXContainerItemProxy;
			containerPortal = 2B608F312A7BD13100031250 /* Project object */;
			proxyType = 1;
			remoteGlobalIDString = 2B608F382A7BD13100031250;
			remoteInfo = todayTodoP3;
		};
		2B608F5A2A7BD13300031250 /* PBXContainerItemProxy */ = {
			isa = PBXContainerItemProxy;
			containerPortal = 2B608F312A7BD13100031250 /* Project object */;
			proxyType = 1;
			remoteGlobalIDString = 2B608F382A7BD13100031250;
			remoteInfo = todayTodoP3;
		};
/* End PBXContainerItemProxy section */

/* Begin PBXFileReference section */
		2B608F392A7BD13100031250 /* todayTodoP3.app */ = {isa = PBXFileReference; explicitFileType = wrapper.application; includeInIndex = 0; path = todayTodoP3.app; sourceTree = BUILT_PRODUCTS_DIR; };
		2B608F3C2A7BD13100031250 /* AppDelegate.swift */ = {isa = PBXFileReference; lastKnownFileType = sourcecode.swift; path = AppDelegate.swift; sourceTree = "<group>"; };
		2B608F3E2A7BD13100031250 /* SceneDelegate.swift */ = {isa = PBXFileReference; lastKnownFileType = sourcecode.swift; path = SceneDelegate.swift; sourceTree = "<group>"; };
		2B608F402A7BD13100031250 /* ViewController.swift */ = {isa = PBXFileReference; lastKnownFileType = sourcecode.swift; path = ViewController.swift; sourceTree = "<group>"; };
		2B608F432A7BD13100031250 /* Base */ = {isa = PBXFileReference; lastKnownFileType = file.storyboard; name = Base; path = Base.lproj/Main.storyboard; sourceTree = "<group>"; };
		2B608F452A7BD13300031250 /* Assets.xcassets */ = {isa = PBXFileReference; lastKnownFileType = folder.assetcatalog; path = Assets.xcassets; sourceTree = "<group>"; };
		2B608F482A7BD13300031250 /* Base */ = {isa = PBXFileReference; lastKnownFileType = file.storyboard; name = Base; path = Base.lproj/LaunchScreen.storyboard; sourceTree = "<group>"; };
		2B608F4A2A7BD13300031250 /* Info.plist */ = {isa = PBXFileReference; lastKnownFileType = text.plist.xml; path = Info.plist; sourceTree = "<group>"; };
		2B608F4F2A7BD13300031250 /* todayTodoP3Tests.xctest */ = {isa = PBXFileReference; explicitFileType = wrapper.cfbundle; includeInIndex = 0; path = todayTodoP3Tests.xctest; sourceTree = BUILT_PRODUCTS_DIR; };
		2B608F532A7BD13300031250 /* todayTodoP3Tests.swift */ = {isa = PBXFileReference; lastKnownFileType = sourcecode.swift; path = todayTodoP3Tests.swift; sourceTree = "<group>"; };
		2B608F592A7BD13300031250 /* todayTodoP3UITests.xctest */ = {isa = PBXFileReference; explicitFileType = wrapper.cfbundle; includeInIndex = 0; path = todayTodoP3UITests.xctest; sourceTree = BUILT_PRODUCTS_DIR; };
		2B608F5D2A7BD13300031250 /* todayTodoP3UITests.swift */ = {isa = PBXFileReference; lastKnownFileType = sourcecode.swift; path = todayTodoP3UITests.swift; sourceTree = "<group>"; };
		2B608F5F2A7BD13300031250 /* todayTodoP3UITestsLaunchTests.swift */ = {isa = PBXFileReference; lastKnownFileType = sourcecode.swift; path = todayTodoP3UITestsLaunchTests.swift; sourceTree = "<group>"; };
/* End PBXFileReference section */

/* Begin PBXFrameworksBuildPhase section */
		2B608F362A7BD13100031250 /* Frameworks */ = {
			isa = PBXFrameworksBuildPhase;
			buildActionMask = 2147483647;
			files = (
			);
			runOnlyForDeploymentPostprocessing = 0;
		};
		2B608F4C2A7BD13300031250 /* Frameworks */ = {
			isa = PBXFrameworksBuildPhase;
			buildActionMask = 2147483647;
			files = (
			);
			runOnlyForDeploymentPostprocessing = 0;
		};
		2B608F562A7BD13300031250 /* Frameworks */ = {
			isa = PBXFrameworksBuildPhase;
			buildActionMask = 2147483647;
			files = (
			);
			runOnlyForDeploymentPostprocessing = 0;
		};
/* End PBXFrameworksBuildPhase section */

/* Begin PBXGroup section */
		2B608F302A7BD13100031250 = {
			isa = PBXGroup;
			children = (
				2B608F3B2A7BD13100031250 /* todayTodoP3 */,
				2B608F522A7BD13300031250 /* todayTodoP3Tests */,
				2B608F5C2A7BD13300031250 /* todayTodoP3UITests */,
				2B608F3A2A7BD13100031250 /* Products */,
			);
			sourceTree = "<group>";
		};
		2B608F3A2A7BD13100031250 /* Products */ = {
			isa = PBXGroup;
			children = (
				2B608F392A7BD13100031250 /* todayTodoP3.app */,
				2B608F4F2A7BD13300031250 /* todayTodoP3Tests.xctest */,
				2B608F592A7BD13300031250 /* todayTodoP3UITests.xctest */,
			);
			name = Products;
			sourceTree = "<group>";
		};
		2B608F3B2A7BD13100031250 /* todayTodoP3 */ = {
			isa = PBXGroup;
			children = (
				2B608F3C2A7BD13100031250 /* AppDelegate.swift */,
				2B608F3E2A7BD13100031250 /* SceneDelegate.swift */,
				2B608F402A7BD13100031250 /* ViewController.swift */,
				2B608F422A7BD13100031250 /* Main.storyboard */,
				2B608F452A7BD13300031250 /* Assets.xcassets */,
				2B608F472A7BD13300031250 /* LaunchScreen.storyboard */,
				2B608F4A2A7BD13300031250 /* Info.plist */,
			);
			path = todayTodoP3;
			sourceTree = "<group>";
		};
		2B608F522A7BD13300031250 /* todayTodoP3Tests */ = {
			isa = PBXGroup;
			children = (
				2B608F532A7BD13300031250 /* todayTodoP3Tests.swift */,
			);
			path = todayTodoP3Tests;
			sourceTree = "<group>";
		};
		2B608F5C2A7BD13300031250 /* todayTodoP3UITests */ = {
			isa = PBXGroup;
			children = (
				2B608F5D2A7BD13300031250 /* todayTodoP3UITests.swift */,
				2B608F5F2A7BD13300031250 /* todayTodoP3UITestsLaunchTests.swift */,
			);
			path = todayTodoP3UITests;
			sourceTree = "<group>";
		};
/* End PBXGroup section */

/* Begin PBXNativeTarget section */
		2B608F382A7BD13100031250 /* todayTodoP3 */ = {
			isa = PBXNativeTarget;
			buildConfigurationList = 2B608F632A7BD13300031250 /* Build configuration list for PBXNativeTarget "todayTodoP3" */;
			buildPhases = (
				2B608F352A7BD13100031250 /* Sources */,
				2B608F362A7BD13100031250 /* Frameworks */,
				2B608F372A7BD13100031250 /* Resources */,
			);
			buildRules = (
			);
			dependencies = (
			);
			name = todayTodoP3;
			productName = todayTodoP3;
			productReference = 2B608F392A7BD13100031250 /* todayTodoP3.app */;
			productType = "com.apple.product-type.application";
		};
		2B608F4E2A7BD13300031250 /* todayTodoP3Tests */ = {
			isa = PBXNativeTarget;
			buildConfigurationList = 2B608F662A7BD13300031250 /* Build configuration list for PBXNativeTarget "todayTodoP3Tests" */;
			buildPhases = (
				2B608F4B2A7BD13300031250 /* Sources */,
				2B608F4C2A7BD13300031250 /* Frameworks */,
				2B608F4D2A7BD13300031250 /* Resources */,
			);
			buildRules = (
			);
			dependencies = (
				2B608F512A7BD13300031250 /* PBXTargetDependency */,
			);
			name = todayTodoP3Tests;
			productName = todayTodoP3Tests;
			productReference = 2B608F4F2A7BD13300031250 /* todayTodoP3Tests.xctest */;
			productType = "com.apple.product-type.bundle.unit-test";
		};
		2B608F582A7BD13300031250 /* todayTodoP3UITests */ = {
			isa = PBXNativeTarget;
			buildConfigurationList = 2B608F692A7BD13300031250 /* Build configuration list for PBXNativeTarget "todayTodoP3UITests" */;
			buildPhases = (
				2B608F552A7BD13300031250 /* Sources */,
				2B608F562A7BD13300031250 /* Frameworks */,
				2B608F572A7BD13300031250 /* Resources */,
			);
			buildRules = (
			);
			dependencies = (
				2B608F5B2A7BD13300031250 /* PBXTargetDependency */,
			);
			name = todayTodoP3UITests;
			productName = todayTodoP3UITests;
			productReference = 2B608F592A7BD13300031250 /* todayTodoP3UITests.xctest */;
			productType = "com.apple.product-type.bundle.ui-testing";
		};
/* End PBXNativeTarget section */

/* Begin PBXProject section */
		2B608F312A7BD13100031250 /* Project object */ = {
			isa = PBXProject;
			attributes = {
				BuildIndependentTargetsInParallel = 1;
				LastSwiftUpdateCheck = 1400;
				LastUpgradeCheck = 1400;
				TargetAttributes = {
					2B608F382A7BD13100031250 = {
						CreatedOnToolsVersion = 14.0;
					};
					2B608F4E2A7BD13300031250 = {
						CreatedOnToolsVersion = 14.0;
						TestTargetID = 2B608F382A7BD13100031250;
					};
					2B608F582A7BD13300031250 = {
						CreatedOnToolsVersion = 14.0;
						TestTargetID = 2B608F382A7BD13100031250;
					};
				};
			};
			buildConfigurationList = 2B608F342A7BD13100031250 /* Build configuration list for PBXProject "todayTodoP3" */;
			compatibilityVersion = "Xcode 14.0";
			developmentRegion = en;
			hasScannedForEncodings = 0;
			knownRegions = (
				en,
				Base,
			);
			mainGroup = 2B608F302A7BD13100031250;
			productRefGroup = 2B608F3A2A7BD13100031250 /* Products */;
			projectDirPath = "";
			projectRoot = "";
			targets = (
				2B608F382A7BD13100031250 /* todayTodoP3 */,
				2B608F4E2A7BD13300031250 /* todayTodoP3Tests */,
				2B608F582A7BD13300031250 /* todayTodoP3UITests */,
			);
		};
/* End PBXProject section */

/* Begin PBXResourcesBuildPhase section */
		2B608F372A7BD13100031250 /* Resources */ = {
			isa = PBXResourcesBuildPhase;
			buildActionMask = 2147483647;
			files = (
				2B608F492A7BD13300031250 /* LaunchScreen.storyboard in Resources */,
				2B608F462A7BD13300031250 /* Assets.xcassets in Resources */,
				2B608F442A7BD13100031250 /* Main.storyboard in Resources */,
			);
			runOnlyForDeploymentPostprocessing = 0;
		};
		2B608F4D2A7BD13300031250 /* Resources */ = {
			isa = PBXResourcesBuildPhase;
			buildActionMask = 2147483647;
			files = (
			);
			runOnlyForDeploymentPostprocessing = 0;
		};
		2B608F572A7BD13300031250 /* Resources */ = {
			isa = PBXResourcesBuildPhase;
			buildActionMask = 2147483647;
			files = (
			);
			runOnlyForDeploymentPostprocessing = 0;
		};
/* End PBXResourcesBuildPhase section */

/* Begin PBXSourcesBuildPhase section */
		2B608F352A7BD13100031250 /* Sources */ = {
			isa = PBXSourcesBuildPhase;
			buildActionMask = 2147483647;
			files = (
				2B608F412A7BD13100031250 /* ViewController.swift in Sources */,
				2B608F3D2A7BD13100031250 /* AppDelegate.swift in Sources */,
				2B608F3F2A7BD13100031250 /* SceneDelegate.swift in Sources */,
			);
			runOnlyForDeploymentPostprocessing = 0;
		};
		2B608F4B2A7BD13300031250 /* Sources */ = {
			isa = PBXSourcesBuildPhase;
			buildActionMask = 2147483647;
			files = (
				2B608F542A7BD13300031250 /* todayTodoP3Tests.swift in Sources */,
			);
			runOnlyForDeploymentPostprocessing = 0;
		};
		2B608F552A7BD13300031250 /* Sources */ = {
			isa = PBXSourcesBuildPhase;
			buildActionMask = 2147483647;
			files = (
				2B608F5E2A7BD13300031250 /* todayTodoP3UITests.swift in Sources */,
				2B608F602A7BD13300031250 /* todayTodoP3UITestsLaunchTests.swift in Sources */,
			);
			runOnlyForDeploymentPostprocessing = 0;
		};
/* End PBXSourcesBuildPhase section */

/* Begin PBXTargetDependency section */
		2B608F512A7BD13300031250 /* PBXTargetDependency */ = {
			isa = PBXTargetDependency;
			target = 2B608F382A7BD13100031250 /* todayTodoP3 */;
			targetProxy = 2B608F502A7BD13300031250 /* PBXContainerItemProxy */;
		};
		2B608F5B2A7BD13300031250 /* PBXTargetDependency */ = {
			isa = PBXTargetDependency;
			target = 2B608F382A7BD13100031250 /* todayTodoP3 */;
			targetProxy = 2B608F5A2A7BD13300031250 /* PBXContainerItemProxy */;
		};
/* End PBXTargetDependency section */

/* Begin PBXVariantGroup section */
		2B608F422A7BD13100031250 /* Main.storyboard */ = {
			isa = PBXVariantGroup;
			children = (
				2B608F432A7BD13100031250 /* Base */,
			);
			name = Main.storyboard;
			sourceTree = "<group>";
		};
		2B608F472A7BD13300031250 /* LaunchScreen.storyboard */ = {
			isa = PBXVariantGroup;
			children = (
				2B608F482A7BD13300031250 /* Base */,
			);
			name = LaunchScreen.storyboard;
			sourceTree = "<group>";
		};
/* End PBXVariantGroup section */

/* Begin XCBuildConfiguration section */
		2B608F612A7BD13300031250 /* Debug */ = {
			isa = XCBuildConfiguration;
			buildSettings = {
				ALWAYS_SEARCH_USER_PATHS = NO;
				CLANG_ANALYZER_NONNULL = YES;
				CLANG_ANALYZER_NUMBER_OBJECT_CONVERSION = YES_AGGRESSIVE;
				CLANG_CXX_LANGUAGE_STANDARD = "gnu++20";
				CLANG_ENABLE_MODULES = YES;
				CLANG_ENABLE_OBJC_ARC = YES;
				CLANG_ENABLE_OBJC_WEAK = YES;
				CLANG_WARN_BLOCK_CAPTURE_AUTORELEASING = YES;
				CLANG_WARN_BOOL_CONVERSION = YES;
				CLANG_WARN_COMMA = YES;
				CLANG_WARN_CONSTANT_CONVERSION = YES;
				CLANG_WARN_DEPRECATED_OBJC_IMPLEMENTATIONS = YES;
				CLANG_WARN_DIRECT_OBJC_ISA_USAGE = YES_ERROR;
				CLANG_WARN_DOCUMENTATION_COMMENTS = YES;
				CLANG_WARN_EMPTY_BODY = YES;
				CLANG_WARN_ENUM_CONVERSION = YES;
				CLANG_WARN_INFINITE_RECURSION = YES;
				CLANG_WARN_INT_CONVERSION = YES;
				CLANG_WARN_NON_LITERAL_NULL_CONVERSION = YES;
				CLANG_WARN_OBJC_IMPLICIT_RETAIN_SELF = YES;
				CLANG_WARN_OBJC_LITERAL_CONVERSION = YES;
				CLANG_WARN_OBJC_ROOT_CLASS = YES_ERROR;
				CLANG_WARN_QUOTED_INCLUDE_IN_FRAMEWORK_HEADER = YES;
				CLANG_WARN_RANGE_LOOP_ANALYSIS = YES;
				CLANG_WARN_STRICT_PROTOTYPES = YES;
				CLANG_WARN_SUSPICIOUS_MOVE = YES;
				CLANG_WARN_UNGUARDED_AVAILABILITY = YES_AGGRESSIVE;
				CLANG_WARN_UNREACHABLE_CODE = YES;
				CLANG_WARN__DUPLICATE_METHOD_MATCH = YES;
				COPY_PHASE_STRIP = NO;
				DEBUG_INFORMATION_FORMAT = dwarf;
				ENABLE_STRICT_OBJC_MSGSEND = YES;
				ENABLE_TESTABILITY = YES;
				GCC_C_LANGUAGE_STANDARD = gnu11;
				GCC_DYNAMIC_NO_PIC = NO;
				GCC_NO_COMMON_BLOCKS = YES;
				GCC_OPTIMIZATION_LEVEL = 0;
				GCC_PREPROCESSOR_DEFINITIONS = (
					"DEBUG=1",
					"$(inherited)",
				);
				GCC_WARN_64_TO_32_BIT_CONVERSION = YES;
				GCC_WARN_ABOUT_RETURN_TYPE = YES_ERROR;
				GCC_WARN_UNDECLARED_SELECTOR = YES;
				GCC_WARN_UNINITIALIZED_AUTOS = YES_AGGRESSIVE;
				GCC_WARN_UNUSED_FUNCTION = YES;
				GCC_WARN_UNUSED_VARIABLE = YES;
				IPHONEOS_DEPLOYMENT_TARGET = 16.0;
				MTL_ENABLE_DEBUG_INFO = INCLUDE_SOURCE;
				MTL_FAST_MATH = YES;
				ONLY_ACTIVE_ARCH = YES;
				SDKROOT = iphoneos;
				SWIFT_ACTIVE_COMPILATION_CONDITIONS = DEBUG;
				SWIFT_OPTIMIZATION_LEVEL = "-Onone";
			};
			name = Debug;
		};
		2B608F622A7BD13300031250 /* Release */ = {
			isa = XCBuildConfiguration;
			buildSettings = {
				ALWAYS_SEARCH_USER_PATHS = NO;
				CLANG_ANALYZER_NONNULL = YES;
				CLANG_ANALYZER_NUMBER_OBJECT_CONVERSION = YES_AGGRESSIVE;
				CLANG_CXX_LANGUAGE_STANDARD = "gnu++20";
				CLANG_ENABLE_MODULES = YES;
				CLANG_ENABLE_OBJC_ARC = YES;
				CLANG_ENABLE_OBJC_WEAK = YES;
				CLANG_WARN_BLOCK_CAPTURE_AUTORELEASING = YES;
				CLANG_WARN_BOOL_CONVERSION = YES;
				CLANG_WARN_COMMA = YES;
				CLANG_WARN_CONSTANT_CONVERSION = YES;
				CLANG_WARN_DEPRECATED_OBJC_IMPLEMENTATIONS = YES;
				CLANG_WARN_DIRECT_OBJC_ISA_USAGE = YES_ERROR;
				CLANG_WARN_DOCUMENTATION_COMMENTS = YES;
				CLANG_WARN_EMPTY_BODY = YES;
				CLANG_WARN_ENUM_CONVERSION = YES;
				CLANG_WARN_INFINITE_RECURSION = YES;
				CLANG_WARN_INT_CONVERSION = YES;
				CLANG_WARN_NON_LITERAL_NULL_CONVERSION = YES;
				CLANG_WARN_OBJC_IMPLICIT_RETAIN_SELF = YES;
				CLANG_WARN_OBJC_LITERAL_CONVERSION = YES;
				CLANG_WARN_OBJC_ROOT_CLASS = YES_ERROR;
				CLANG_WARN_QUOTED_INCLUDE_IN_FRAMEWORK_HEADER = YES;
				CLANG_WARN_RANGE_LOOP_ANALYSIS = YES;
				CLANG_WARN_STRICT_PROTOTYPES = YES;
				CLANG_WARN_SUSPICIOUS_MOVE = YES;
				CLANG_WARN_UNGUARDED_AVAILABILITY = YES_AGGRESSIVE;
				CLANG_WARN_UNREACHABLE_CODE = YES;
				CLANG_WARN__DUPLICATE_METHOD_MATCH = YES;
				COPY_PHASE_STRIP = NO;
				DEBUG_INFORMATION_FORMAT = "dwarf-with-dsym";
				ENABLE_NS_ASSERTIONS = NO;
				ENABLE_STRICT_OBJC_MSGSEND = YES;
				GCC_C_LANGUAGE_STANDARD = gnu11;
				GCC_NO_COMMON_BLOCKS = YES;
				GCC_WARN_64_TO_32_BIT_CONVERSION = YES;
				GCC_WARN_ABOUT_RETURN_TYPE = YES_ERROR;
				GCC_WARN_UNDECLARED_SELECTOR = YES;
				GCC_WARN_UNINITIALIZED_AUTOS = YES_AGGRESSIVE;
				GCC_WARN_UNUSED_FUNCTION = YES;
				GCC_WARN_UNUSED_VARIABLE = YES;
				IPHONEOS_DEPLOYMENT_TARGET = 16.0;
				MTL_ENABLE_DEBUG_INFO = NO;
				MTL_FAST_MATH = YES;
				SDKROOT = iphoneos;
				SWIFT_COMPILATION_MODE = wholemodule;
				SWIFT_OPTIMIZATION_LEVEL = "-O";
				VALIDATE_PRODUCT = YES;
			};
			name = Release;
		};
		2B608F642A7BD13300031250 /* Debug */ = {
			isa = XCBuildConfiguration;
			buildSettings = {
				ASSETCATALOG_COMPILER_APPICON_NAME = AppIcon;
				ASSETCATALOG_COMPILER_GLOBAL_ACCENT_COLOR_NAME = AccentColor;
				CODE_SIGN_STYLE = Automatic;
				CURRENT_PROJECT_VERSION = 1;
				DEVELOPMENT_TEAM = 4SHJ665Z7D;
				GENERATE_INFOPLIST_FILE = YES;
				INFOPLIST_FILE = todayTodoP3/Info.plist;
				INFOPLIST_KEY_UIApplicationSupportsIndirectInputEvents = YES;
				INFOPLIST_KEY_UILaunchStoryboardName = LaunchScreen;
				INFOPLIST_KEY_UIMainStoryboardFile = Main;
				INFOPLIST_KEY_UISupportedInterfaceOrientations_iPad = "UIInterfaceOrientationPortrait UIInterfaceOrientationPortraitUpsideDown UIInterfaceOrientationLandscapeLeft UIInterfaceOrientationLandscapeRight";
				INFOPLIST_KEY_UISupportedInterfaceOrientations_iPhone = "UIInterfaceOrientationPortrait UIInterfaceOrientationLandscapeLeft UIInterfaceOrientationLandscapeRight";
				LD_RUNPATH_SEARCH_PATHS = (
					"$(inherited)",
					"@executable_path/Frameworks",
				);
				MARKETING_VERSION = 1.0;
				PRODUCT_BUNDLE_IDENTIFIER = com.todayTodoP3;
				PRODUCT_NAME = "$(TARGET_NAME)";
				SWIFT_EMIT_LOC_STRINGS = YES;
				SWIFT_VERSION = 5.0;
				TARGETED_DEVICE_FAMILY = "1,2";
			};
			name = Debug;
		};
		2B608F652A7BD13300031250 /* Release */ = {
			isa = XCBuildConfiguration;
			buildSettings = {
				ASSETCATALOG_COMPILER_APPICON_NAME = AppIcon;
				ASSETCATALOG_COMPILER_GLOBAL_ACCENT_COLOR_NAME = AccentColor;
				CODE_SIGN_STYLE = Automatic;
				CURRENT_PROJECT_VERSION = 1;
				DEVELOPMENT_TEAM = 4SHJ665Z7D;
				GENERATE_INFOPLIST_FILE = YES;
				INFOPLIST_FILE = todayTodoP3/Info.plist;
				INFOPLIST_KEY_UIApplicationSupportsIndirectInputEvents = YES;
				INFOPLIST_KEY_UILaunchStoryboardName = LaunchScreen;
				INFOPLIST_KEY_UIMainStoryboardFile = Main;
				INFOPLIST_KEY_UISupportedInterfaceOrientations_iPad = "UIInterfaceOrientationPortrait UIInterfaceOrientationPortraitUpsideDown UIInterfaceOrientationLandscapeLeft UIInterfaceOrientationLandscapeRight";
				INFOPLIST_KEY_UISupportedInterfaceOrientations_iPhone = "UIInterfaceOrientationPortrait UIInterfaceOrientationLandscapeLeft UIInterfaceOrientationLandscapeRight";
				LD_RUNPATH_SEARCH_PATHS = (
					"$(inherited)",
					"@executable_path/Frameworks",
				);
				MARKETING_VERSION = 1.0;
				PRODUCT_BUNDLE_IDENTIFIER = com.todayTodoP3;
				PRODUCT_NAME = "$(TARGET_NAME)";
				SWIFT_EMIT_LOC_STRINGS = YES;
				SWIFT_VERSION = 5.0;
				TARGETED_DEVICE_FAMILY = "1,2";
			};
			name = Release;
		};
		2B608F672A7BD13300031250 /* Debug */ = {
			isa = XCBuildConfiguration;
			buildSettings = {
				ALWAYS_EMBED_SWIFT_STANDARD_LIBRARIES = YES;
				BUNDLE_LOADER = "$(TEST_HOST)";
				CODE_SIGN_STYLE = Automatic;
				CURRENT_PROJECT_VERSION = 1;
				DEVELOPMENT_TEAM = 4SHJ665Z7D;
				GENERATE_INFOPLIST_FILE = YES;
				IPHONEOS_DEPLOYMENT_TARGET = 16.0;
				MARKETING_VERSION = 1.0;
				PRODUCT_BUNDLE_IDENTIFIER = com.todayTodoP3Tests;
				PRODUCT_NAME = "$(TARGET_NAME)";
				SWIFT_EMIT_LOC_STRINGS = NO;
				SWIFT_VERSION = 5.0;
				TARGETED_DEVICE_FAMILY = "1,2";
				TEST_HOST = "$(BUILT_PRODUCTS_DIR)/todayTodoP3.app/$(BUNDLE_EXECUTABLE_FOLDER_PATH)/todayTodoP3";
			};
			name = Debug;
		};
		2B608F682A7BD13300031250 /* Release */ = {
			isa = XCBuildConfiguration;
			buildSettings = {
				ALWAYS_EMBED_SWIFT_STANDARD_LIBRARIES = YES;
				BUNDLE_LOADER = "$(TEST_HOST)";
				CODE_SIGN_STYLE = Automatic;
				CURRENT_PROJECT_VERSION = 1;
				DEVELOPMENT_TEAM = 4SHJ665Z7D;
				GENERATE_INFOPLIST_FILE = YES;
				IPHONEOS_DEPLOYMENT_TARGET = 16.0;
				MARKETING_VERSION = 1.0;
				PRODUCT_BUNDLE_IDENTIFIER = com.todayTodoP3Tests;
				PRODUCT_NAME = "$(TARGET_NAME)";
				SWIFT_EMIT_LOC_STRINGS = NO;
				SWIFT_VERSION = 5.0;
				TARGETED_DEVICE_FAMILY = "1,2";
				TEST_HOST = "$(BUILT_PRODUCTS_DIR)/todayTodoP3.app/$(BUNDLE_EXECUTABLE_FOLDER_PATH)/todayTodoP3";
			};
			name = Release;
		};
		2B608F6A2A7BD13300031250 /* Debug */ = {
			isa = XCBuildConfiguration;
			buildSettings = {
				ALWAYS_EMBED_SWIFT_STANDARD_LIBRARIES = YES;
				CODE_SIGN_STYLE = Automatic;
				CURRENT_PROJECT_VERSION = 1;
				DEVELOPMENT_TEAM = 4SHJ665Z7D;
				GENERATE_INFOPLIST_FILE = YES;
				MARKETING_VERSION = 1.0;
				PRODUCT_BUNDLE_IDENTIFIER = com.todayTodoP3UITests;
				PRODUCT_NAME = "$(TARGET_NAME)";
				SWIFT_EMIT_LOC_STRINGS = NO;
				SWIFT_VERSION = 5.0;
				TARGETED_DEVICE_FAMILY = "1,2";
				TEST_TARGET_NAME = todayTodoP3;
			};
			name = Debug;
		};
		2B608F6B2A7BD13300031250 /* Release */ = {
			isa = XCBuildConfiguration;
			buildSettings = {
				ALWAYS_EMBED_SWIFT_STANDARD_LIBRARIES = YES;
				CODE_SIGN_STYLE = Automatic;
				CURRENT_PROJECT_VERSION = 1;
				DEVELOPMENT_TEAM = 4SHJ665Z7D;
				GENERATE_INFOPLIST_FILE = YES;
				MARKETING_VERSION = 1.0;
				PRODUCT_BUNDLE_IDENTIFIER = com.todayTodoP3UITests;
				PRODUCT_NAME = "$(TARGET_NAME)";
				SWIFT_EMIT_LOC_STRINGS = NO;
				SWIFT_VERSION = 5.0;
				TARGETED_DEVICE_FAMILY = "1,2";
				TEST_TARGET_NAME = todayTodoP3;
			};
			name = Release;
		};
/* End XCBuildConfiguration section */

/* Begin XCConfigurationList section */
		2B608F342A7BD13100031250 /* Build configuration list for PBXProject "todayTodoP3" */ = {
			isa = XCConfigurationList;
			buildConfigurations = (
				2B608F612A7BD13300031250 /* Debug */,
				2B608F622A7BD13300031250 /* Release */,
			);
			defaultConfigurationIsVisible = 0;
			defaultConfigurationName = Release;
		};
		2B608F632A7BD13300031250 /* Build configuration list for PBXNativeTarget "todayTodoP3" */ = {
			isa = XCConfigurationList;
			buildConfigurations = (
				2B608F642A7BD13300031250 /* Debug */,
				2B608F652A7BD13300031250 /* Release */,
			);
			defaultConfigurationIsVisible = 0;
			defaultConfigurationName = Release;
		};
		2B608F662A7BD13300031250 /* Build configuration list for PBXNativeTarget "todayTodoP3Tests" */ = {
			isa = XCConfigurationList;
			buildConfigurations = (
				2B608F672A7BD13300031250 /* Debug */,
				2B608F682A7BD13300031250 /* Release */,
			);
			defaultConfigurationIsVisible = 0;
			defaultConfigurationName = Release;
		};
		2B608F692A7BD13300031250 /* Build configuration list for PBXNativeTarget "todayTodoP3UITests" */ = {
			isa = XCConfigurationList;
			buildConfigurations = (
				2B608F6A2A7BD13300031250 /* Debug */,
				2B608F6B2A7BD13300031250 /* Release */,
			);
			defaultConfigurationIsVisible = 0;
			defaultConfigurationName = Release;
		};
/* End XCConfigurationList section */
	};
	rootObject = 2B608F312A7BD13100031250 /* Project object */;
}
